// !$*UTF8*$!
{
	archiveVersion = 1;
	classes = {
	};
	objectVersion = 77;
	objects = {

/* Begin PBXBuildFile section */
		814DF04A2CAAD78B00192D55 /* ComposableArchitecture in Frameworks */ = {isa = PBXBuildFile; productRef = 814DF0492CAAD78B00192D55 /* ComposableArchitecture */; };
		814DF04D2CAADD6700192D55 /* ReactiveStorage in Frameworks */ = {isa = PBXBuildFile; productRef = 814DF04C2CAADD6700192D55 /* ReactiveStorage */; };
/* End PBXBuildFile section */

/* Begin PBXContainerItemProxy section */
		814DF02C2CAAD69C00192D55 /* PBXContainerItemProxy */ = {
			isa = PBXContainerItemProxy;
			containerPortal = 814DF0132CAAD69B00192D55 /* Project object */;
			proxyType = 1;
			remoteGlobalIDString = 814DF01A2CAAD69B00192D55;
			remoteInfo = CoatOfArms_TCA;
		};
/* End PBXContainerItemProxy section */

/* Begin PBXFileReference section */
		814DF01B2CAAD69B00192D55 /* CoatOfArms_TCA.app */ = {isa = PBXFileReference; explicitFileType = wrapper.application; includeInIndex = 0; path = CoatOfArms_TCA.app; sourceTree = BUILT_PRODUCTS_DIR; };
		814DF02B2CAAD69C00192D55 /* CoatOfArms_TCATests.xctest */ = {isa = PBXFileReference; explicitFileType = wrapper.cfbundle; includeInIndex = 0; path = CoatOfArms_TCATests.xctest; sourceTree = BUILT_PRODUCTS_DIR; };
/* End PBXFileReference section */

/* Begin PBXFileSystemSynchronizedRootGroup section */
		814DF01D2CAAD69B00192D55 /* CoatOfArms_TCA */ = {
			isa = PBXFileSystemSynchronizedRootGroup;
			path = CoatOfArms_TCA;
			sourceTree = "<group>";
		};
		814DF02E2CAAD69C00192D55 /* CoatOfArms_TCATests */ = {
			isa = PBXFileSystemSynchronizedRootGroup;
			path = CoatOfArms_TCATests;
			sourceTree = "<group>";
		};
		814DF0382CAAD69C00192D55 /* CoatOfArms_TCAUITests */ = {
			isa = PBXFileSystemSynchronizedRootGroup;
			path = CoatOfArms_TCAUITests;
			sourceTree = "<group>";
		};
/* End PBXFileSystemSynchronizedRootGroup section */

/* Begin PBXFrameworksBuildPhase section */
		814DF0182CAAD69B00192D55 /* Frameworks */ = {
			isa = PBXFrameworksBuildPhase;
			buildActionMask = 2147483647;
			files = (
				814DF04A2CAAD78B00192D55 /* ComposableArchitecture in Frameworks */,
				814DF04D2CAADD6700192D55 /* ReactiveStorage in Frameworks */,
			);
			runOnlyForDeploymentPostprocessing = 0;
		};
		814DF0282CAAD69C00192D55 /* Frameworks */ = {
			isa = PBXFrameworksBuildPhase;
			buildActionMask = 2147483647;
			files = (
			);
			runOnlyForDeploymentPostprocessing = 0;
		};
/* End PBXFrameworksBuildPhase section */

/* Begin PBXGroup section */
		814DF0122CAAD69B00192D55 = {
			isa = PBXGroup;
			children = (
				814DF01D2CAAD69B00192D55 /* CoatOfArms_TCA */,
				814DF02E2CAAD69C00192D55 /* CoatOfArms_TCATests */,
				814DF0382CAAD69C00192D55 /* CoatOfArms_TCAUITests */,
				814DF01C2CAAD69B00192D55 /* Products */,
			);
			sourceTree = "<group>";
		};
		814DF01C2CAAD69B00192D55 /* Products */ = {
			isa = PBXGroup;
			children = (
				814DF01B2CAAD69B00192D55 /* CoatOfArms_TCA.app */,
				814DF02B2CAAD69C00192D55 /* CoatOfArms_TCATests.xctest */,
			);
			name = Products;
			sourceTree = "<group>";
		};
/* End PBXGroup section */

/* Begin PBXNativeTarget section */
		814DF01A2CAAD69B00192D55 /* CoatOfArms_TCA */ = {
			isa = PBXNativeTarget;
			buildConfigurationList = 814DF03F2CAAD69C00192D55 /* Build configuration list for PBXNativeTarget "CoatOfArms_TCA" */;
			buildPhases = (
				814DF0172CAAD69B00192D55 /* Sources */,
				814DF0182CAAD69B00192D55 /* Frameworks */,
				814DF0192CAAD69B00192D55 /* Resources */,
			);
			buildRules = (
			);
			dependencies = (
			);
			fileSystemSynchronizedGroups = (
				814DF01D2CAAD69B00192D55 /* CoatOfArms_TCA */,
			);
			name = CoatOfArms_TCA;
			packageProductDependencies = (
				814DF0492CAAD78B00192D55 /* ComposableArchitecture */,
				814DF04C2CAADD6700192D55 /* ReactiveStorage */,
			);
			productName = CoatOfArms_TCA;
			productReference = 814DF01B2CAAD69B00192D55 /* CoatOfArms_TCA.app */;
			productType = "com.apple.product-type.application";
		};
		814DF02A2CAAD69C00192D55 /* CoatOfArms_TCATests */ = {
			isa = PBXNativeTarget;
			buildConfigurationList = 814DF0422CAAD69C00192D55 /* Build configuration list for PBXNativeTarget "CoatOfArms_TCATests" */;
			buildPhases = (
				814DF0272CAAD69C00192D55 /* Sources */,
				814DF0282CAAD69C00192D55 /* Frameworks */,
				814DF0292CAAD69C00192D55 /* Resources */,
			);
			buildRules = (
			);
			dependencies = (
				814DF02D2CAAD69C00192D55 /* PBXTargetDependency */,
			);
			fileSystemSynchronizedGroups = (
				814DF02E2CAAD69C00192D55 /* CoatOfArms_TCATests */,
			);
			name = CoatOfArms_TCATests;
			packageProductDependencies = (
			);
			productName = CoatOfArms_TCATests;
			productReference = 814DF02B2CAAD69C00192D55 /* CoatOfArms_TCATests.xctest */;
			productType = "com.apple.product-type.bundle.unit-test";
		};
/* End PBXNativeTarget section */

/* Begin PBXProject section */
		814DF0132CAAD69B00192D55 /* Project object */ = {
			isa = PBXProject;
			attributes = {
				BuildIndependentTargetsInParallel = 1;
				LastSwiftUpdateCheck = 1600;
				LastUpgradeCheck = 1600;
				TargetAttributes = {
					814DF01A2CAAD69B00192D55 = {
						CreatedOnToolsVersion = 16.0;
					};
					814DF02A2CAAD69C00192D55 = {
						CreatedOnToolsVersion = 16.0;
						TestTargetID = 814DF01A2CAAD69B00192D55;
					};
				};
			};
			buildConfigurationList = 814DF0162CAAD69B00192D55 /* Build configuration list for PBXProject "CoatOfArms_TCA" */;
			developmentRegion = en;
			hasScannedForEncodings = 0;
			knownRegions = (
				en,
				Base,
			);
			mainGroup = 814DF0122CAAD69B00192D55;
			minimizedProjectReferenceProxies = 1;
			packageReferences = (
				814DF0482CAAD78A00192D55 /* XCRemoteSwiftPackageReference "swift-composable-architecture" */,
				814DF04B2CAADD6700192D55 /* XCRemoteSwiftPackageReference "ReactiveStorage" */,
			);
			preferredProjectObjectVersion = 77;
			productRefGroup = 814DF01C2CAAD69B00192D55 /* Products */;
			projectDirPath = "";
			projectRoot = "";
			targets = (
				814DF01A2CAAD69B00192D55 /* CoatOfArms_TCA */,
				814DF02A2CAAD69C00192D55 /* CoatOfArms_TCATests */,
			);
		};
/* End PBXProject section */

/* Begin PBXResourcesBuildPhase section */
		814DF0192CAAD69B00192D55 /* Resources */ = {
			isa = PBXResourcesBuildPhase;
			buildActionMask = 2147483647;
			files = (
			);
			runOnlyForDeploymentPostprocessing = 0;
		};
		814DF0292CAAD69C00192D55 /* Resources */ = {
			isa = PBXResourcesBuildPhase;
			buildActionMask = 2147483647;
			files = (
			);
			runOnlyForDeploymentPostprocessing = 0;
		};
/* End PBXResourcesBuildPhase section */

/* Begin PBXSourcesBuildPhase section */
		814DF0172CAAD69B00192D55 /* Sources */ = {
			isa = PBXSourcesBuildPhase;
			buildActionMask = 2147483647;
			files = (
			);
			runOnlyForDeploymentPostprocessing = 0;
		};
		814DF0272CAAD69C00192D55 /* Sources */ = {
			isa = PBXSourcesBuildPhase;
			buildActionMask = 2147483647;
			files = (
			);
			runOnlyForDeploymentPostprocessing = 0;
		};
/* End PBXSourcesBuildPhase section */

/* Begin PBXTargetDependency section */
		814DF02D2CAAD69C00192D55 /* PBXTargetDependency */ = {
			isa = PBXTargetDependency;
			target = 814DF01A2CAAD69B00192D55 /* CoatOfArms_TCA */;
			targetProxy = 814DF02C2CAAD69C00192D55 /* PBXContainerItemProxy */;
		};
/* End PBXTargetDependency section */

/* Begin XCBuildConfiguration section */
		814DF03D2CAAD69C00192D55 /* Debug */ = {
			isa = XCBuildConfiguration;
			buildSettings = {
				ALWAYS_SEARCH_USER_PATHS = NO;
				ASSETCATALOG_COMPILER_GENERATE_SWIFT_ASSET_SYMBOL_EXTENSIONS = YES;
				CLANG_ANALYZER_NONNULL = YES;
				CLANG_ANALYZER_NUMBER_OBJECT_CONVERSION = YES_AGGRESSIVE;
				CLANG_CXX_LANGUAGE_STANDARD = "gnu++20";
				CLANG_ENABLE_MODULES = YES;
				CLANG_ENABLE_OBJC_ARC = YES;
				CLANG_ENABLE_OBJC_WEAK = YES;
				CLANG_WARN_BLOCK_CAPTURE_AUTORELEASING = YES;
				CLANG_WARN_BOOL_CONVERSION = YES;
				CLANG_WARN_COMMA = YES;
				CLANG_WARN_CONSTANT_CONVERSION = YES;
				CLANG_WARN_DEPRECATED_OBJC_IMPLEMENTATIONS = YES;
				CLANG_WARN_DIRECT_OBJC_ISA_USAGE = YES_ERROR;
				CLANG_WARN_DOCUMENTATION_COMMENTS = YES;
				CLANG_WARN_EMPTY_BODY = YES;
				CLANG_WARN_ENUM_CONVERSION = YES;
				CLANG_WARN_INFINITE_RECURSION = YES;
				CLANG_WARN_INT_CONVERSION = YES;
				CLANG_WARN_NON_LITERAL_NULL_CONVERSION = YES;
				CLANG_WARN_OBJC_IMPLICIT_RETAIN_SELF = YES;
				CLANG_WARN_OBJC_LITERAL_CONVERSION = YES;
				CLANG_WARN_OBJC_ROOT_CLASS = YES_ERROR;
				CLANG_WARN_QUOTED_INCLUDE_IN_FRAMEWORK_HEADER = YES;
				CLANG_WARN_RANGE_LOOP_ANALYSIS = YES;
				CLANG_WARN_STRICT_PROTOTYPES = YES;
				CLANG_WARN_SUSPICIOUS_MOVE = YES;
				CLANG_WARN_UNGUARDED_AVAILABILITY = YES_AGGRESSIVE;
				CLANG_WARN_UNREACHABLE_CODE = YES;
				CLANG_WARN__DUPLICATE_METHOD_MATCH = YES;
				COPY_PHASE_STRIP = NO;
				DEBUG_INFORMATION_FORMAT = dwarf;
				ENABLE_STRICT_OBJC_MSGSEND = YES;
				ENABLE_TESTABILITY = YES;
				ENABLE_USER_SCRIPT_SANDBOXING = YES;
				GCC_C_LANGUAGE_STANDARD = gnu17;
				GCC_DYNAMIC_NO_PIC = NO;
				GCC_NO_COMMON_BLOCKS = YES;
				GCC_OPTIMIZATION_LEVEL = 0;
				GCC_PREPROCESSOR_DEFINITIONS = (
					"DEBUG=1",
					"$(inherited)",
				);
				GCC_WARN_64_TO_32_BIT_CONVERSION = YES;
				GCC_WARN_ABOUT_RETURN_TYPE = YES_ERROR;
				GCC_WARN_UNDECLARED_SELECTOR = YES;
				GCC_WARN_UNINITIALIZED_AUTOS = YES_AGGRESSIVE;
				GCC_WARN_UNUSED_FUNCTION = YES;
				GCC_WARN_UNUSED_VARIABLE = YES;
				IPHONEOS_DEPLOYMENT_TARGET = 18.0;
				LOCALIZATION_PREFERS_STRING_CATALOGS = YES;
				MTL_ENABLE_DEBUG_INFO = INCLUDE_SOURCE;
				MTL_FAST_MATH = YES;
				ONLY_ACTIVE_ARCH = YES;
				SDKROOT = iphoneos;
				SWIFT_ACTIVE_COMPILATION_CONDITIONS = "DEBUG $(inherited)";
				SWIFT_OPTIMIZATION_LEVEL = "-Onone";
			};
			name = Debug;
		};
		814DF03E2CAAD69C00192D55 /* Release */ = {
			isa = XCBuildConfiguration;
			buildSettings = {
				ALWAYS_SEARCH_USER_PATHS = NO;
				ASSETCATALOG_COMPILER_GENERATE_SWIFT_ASSET_SYMBOL_EXTENSIONS = YES;
				CLANG_ANALYZER_NONNULL = YES;
				CLANG_ANALYZER_NUMBER_OBJECT_CONVERSION = YES_AGGRESSIVE;
				CLANG_CXX_LANGUAGE_STANDARD = "gnu++20";
				CLANG_ENABLE_MODULES = YES;
				CLANG_ENABLE_OBJC_ARC = YES;
				CLANG_ENABLE_OBJC_WEAK = YES;
				CLANG_WARN_BLOCK_CAPTURE_AUTORELEASING = YES;
				CLANG_WARN_BOOL_CONVERSION = YES;
				CLANG_WARN_COMMA = YES;
				CLANG_WARN_CONSTANT_CONVERSION = YES;
				CLANG_WARN_DEPRECATED_OBJC_IMPLEMENTATIONS = YES;
				CLANG_WARN_DIRECT_OBJC_ISA_USAGE = YES_ERROR;
				CLANG_WARN_DOCUMENTATION_COMMENTS = YES;
				CLANG_WARN_EMPTY_BODY = YES;
				CLANG_WARN_ENUM_CONVERSION = YES;
				CLANG_WARN_INFINITE_RECURSION = YES;
				CLANG_WARN_INT_CONVERSION = YES;
				CLANG_WARN_NON_LITERAL_NULL_CONVERSION = YES;
				CLANG_WARN_OBJC_IMPLICIT_RETAIN_SELF = YES;
				CLANG_WARN_OBJC_LITERAL_CONVERSION = YES;
				CLANG_WARN_OBJC_ROOT_CLASS = YES_ERROR;
				CLANG_WARN_QUOTED_INCLUDE_IN_FRAMEWORK_HEADER = YES;
				CLANG_WARN_RANGE_LOOP_ANALYSIS = YES;
				CLANG_WARN_STRICT_PROTOTYPES = YES;
				CLANG_WARN_SUSPICIOUS_MOVE = YES;
				CLANG_WARN_UNGUARDED_AVAILABILITY = YES_AGGRESSIVE;
				CLANG_WARN_UNREACHABLE_CODE = YES;
				CLANG_WARN__DUPLICATE_METHOD_MATCH = YES;
				COPY_PHASE_STRIP = NO;
				DEBUG_INFORMATION_FORMAT = "dwarf-with-dsym";
				ENABLE_NS_ASSERTIONS = NO;
				ENABLE_STRICT_OBJC_MSGSEND = YES;
				ENABLE_USER_SCRIPT_SANDBOXING = YES;
				GCC_C_LANGUAGE_STANDARD = gnu17;
				GCC_NO_COMMON_BLOCKS = YES;
				GCC_WARN_64_TO_32_BIT_CONVERSION = YES;
				GCC_WARN_ABOUT_RETURN_TYPE = YES_ERROR;
				GCC_WARN_UNDECLARED_SELECTOR = YES;
				GCC_WARN_UNINITIALIZED_AUTOS = YES_AGGRESSIVE;
				GCC_WARN_UNUSED_FUNCTION = YES;
				GCC_WARN_UNUSED_VARIABLE = YES;
				IPHONEOS_DEPLOYMENT_TARGET = 18.0;
				LOCALIZATION_PREFERS_STRING_CATALOGS = YES;
				MTL_ENABLE_DEBUG_INFO = NO;
				MTL_FAST_MATH = YES;
				SDKROOT = iphoneos;
				SWIFT_COMPILATION_MODE = wholemodule;
				VALIDATE_PRODUCT = YES;
			};
			name = Release;
		};
		814DF0402CAAD69C00192D55 /* Debug */ = {
			isa = XCBuildConfiguration;
			buildSettings = {
				ASSETCATALOG_COMPILER_APPICON_NAME = AppIcon;
				ASSETCATALOG_COMPILER_GLOBAL_ACCENT_COLOR_NAME = AccentColor;
				CODE_SIGN_STYLE = Automatic;
				CURRENT_PROJECT_VERSION = 1;
				DEVELOPMENT_ASSET_PATHS = "\"CoatOfArms_TCA/Preview Content\"";
				ENABLE_PREVIEWS = YES;
				GENERATE_INFOPLIST_FILE = YES;
				INFOPLIST_KEY_UIApplicationSceneManifest_Generation = YES;
				INFOPLIST_KEY_UIApplicationSupportsIndirectInputEvents = YES;
				INFOPLIST_KEY_UILaunchScreen_Generation = YES;
				INFOPLIST_KEY_UISupportedInterfaceOrientations_iPad = "UIInterfaceOrientationPortrait UIInterfaceOrientationPortraitUpsideDown UIInterfaceOrientationLandscapeLeft UIInterfaceOrientationLandscapeRight";
				INFOPLIST_KEY_UISupportedInterfaceOrientations_iPhone = "UIInterfaceOrientationPortrait UIInterfaceOrientationLandscapeLeft UIInterfaceOrientationLandscapeRight";
				IPHONEOS_DEPLOYMENT_TARGET = 17.0;
				LD_RUNPATH_SEARCH_PATHS = (
					"$(inherited)",
					"@executable_path/Frameworks",
				);
				MARKETING_VERSION = 1.0;
				PRODUCT_BUNDLE_IDENTIFIER = "es.juanjo.CoatOfArms-TCA";
				PRODUCT_NAME = "$(TARGET_NAME)";
				SWIFT_EMIT_LOC_STRINGS = YES;
				SWIFT_VERSION = 5.0;
				TARGETED_DEVICE_FAMILY = "1,2";
			};
			name = Debug;
		};
		814DF0412CAAD69C00192D55 /* Release */ = {
			isa = XCBuildConfiguration;
			buildSettings = {
				ASSETCATALOG_COMPILER_APPICON_NAME = AppIcon;
				ASSETCATALOG_COMPILER_GLOBAL_ACCENT_COLOR_NAME = AccentColor;
				CODE_SIGN_STYLE = Automatic;
				CURRENT_PROJECT_VERSION = 1;
				DEVELOPMENT_ASSET_PATHS = "\"CoatOfArms_TCA/Preview Content\"";
				ENABLE_PREVIEWS = YES;
				GENERATE_INFOPLIST_FILE = YES;
				INFOPLIST_KEY_UIApplicationSceneManifest_Generation = YES;
				INFOPLIST_KEY_UIApplicationSupportsIndirectInputEvents = YES;
				INFOPLIST_KEY_UILaunchScreen_Generation = YES;
				INFOPLIST_KEY_UISupportedInterfaceOrientations_iPad = "UIInterfaceOrientationPortrait UIInterfaceOrientationPortraitUpsideDown UIInterfaceOrientationLandscapeLeft UIInterfaceOrientationLandscapeRight";
				INFOPLIST_KEY_UISupportedInterfaceOrientations_iPhone = "UIInterfaceOrientationPortrait UIInterfaceOrientationLandscapeLeft UIInterfaceOrientationLandscapeRight";
				IPHONEOS_DEPLOYMENT_TARGET = 17.0;
				LD_RUNPATH_SEARCH_PATHS = (
					"$(inherited)",
					"@executable_path/Frameworks",
				);
				MARKETING_VERSION = 1.0;
				PRODUCT_BUNDLE_IDENTIFIER = "es.juanjo.CoatOfArms-TCA";
				PRODUCT_NAME = "$(TARGET_NAME)";
				SWIFT_EMIT_LOC_STRINGS = YES;
				SWIFT_VERSION = 5.0;
				TARGETED_DEVICE_FAMILY = "1,2";
			};
			name = Release;
		};
		814DF0432CAAD69C00192D55 /* Debug */ = {
			isa = XCBuildConfiguration;
			buildSettings = {
				BUNDLE_LOADER = "$(TEST_HOST)";
				CODE_SIGN_STYLE = Automatic;
				CURRENT_PROJECT_VERSION = 1;
				GENERATE_INFOPLIST_FILE = YES;
				IPHONEOS_DEPLOYMENT_TARGET = 17.0;
				MARKETING_VERSION = 1.0;
				PRODUCT_BUNDLE_IDENTIFIER = "es.juanjo.CoatOfArms-TCATests";
				PRODUCT_NAME = "$(TARGET_NAME)";
				SWIFT_EMIT_LOC_STRINGS = NO;
				SWIFT_VERSION = 5.0;
				TARGETED_DEVICE_FAMILY = "1,2";
				TEST_HOST = "$(BUILT_PRODUCTS_DIR)/CoatOfArms_TCA.app/$(BUNDLE_EXECUTABLE_FOLDER_PATH)/CoatOfArms_TCA";
			};
			name = Debug;
		};
		814DF0442CAAD69C00192D55 /* Release */ = {
			isa = XCBuildConfiguration;
			buildSettings = {
				BUNDLE_LOADER = "$(TEST_HOST)";
				CODE_SIGN_STYLE = Automatic;
				CURRENT_PROJECT_VERSION = 1;
				GENERATE_INFOPLIST_FILE = YES;
				IPHONEOS_DEPLOYMENT_TARGET = 17.0;
				MARKETING_VERSION = 1.0;
				PRODUCT_BUNDLE_IDENTIFIER = "es.juanjo.CoatOfArms-TCATests";
				PRODUCT_NAME = "$(TARGET_NAME)";
				SWIFT_EMIT_LOC_STRINGS = NO;
				SWIFT_VERSION = 5.0;
				TARGETED_DEVICE_FAMILY = "1,2";
				TEST_HOST = "$(BUILT_PRODUCTS_DIR)/CoatOfArms_TCA.app/$(BUNDLE_EXECUTABLE_FOLDER_PATH)/CoatOfArms_TCA";
			};
			name = Release;
		};
/* End XCBuildConfiguration section */

/* Begin XCConfigurationList section */
		814DF0162CAAD69B00192D55 /* Build configuration list for PBXProject "CoatOfArms_TCA" */ = {
			isa = XCConfigurationList;
			buildConfigurations = (
				814DF03D2CAAD69C00192D55 /* Debug */,
				814DF03E2CAAD69C00192D55 /* Release */,
			);
			defaultConfigurationIsVisible = 0;
			defaultConfigurationName = Release;
		};
		814DF03F2CAAD69C00192D55 /* Build configuration list for PBXNativeTarget "CoatOfArms_TCA" */ = {
			isa = XCConfigurationList;
			buildConfigurations = (
				814DF0402CAAD69C00192D55 /* Debug */,
				814DF0412CAAD69C00192D55 /* Release */,
			);
			defaultConfigurationIsVisible = 0;
			defaultConfigurationName = Release;
		};
		814DF0422CAAD69C00192D55 /* Build configuration list for PBXNativeTarget "CoatOfArms_TCATests" */ = {
			isa = XCConfigurationList;
			buildConfigurations = (
				814DF0432CAAD69C00192D55 /* Debug */,
				814DF0442CAAD69C00192D55 /* Release */,
			);
			defaultConfigurationIsVisible = 0;
			defaultConfigurationName = Release;
		};
/* End XCConfigurationList section */

/* Begin XCRemoteSwiftPackageReference section */
		814DF0482CAAD78A00192D55 /* XCRemoteSwiftPackageReference "swift-composable-architecture" */ = {
			isa = XCRemoteSwiftPackageReference;
			repositoryURL = "https://github.com/pointfreeco/swift-composable-architecture.git";
			requirement = {
				kind = upToNextMajorVersion;
				minimumVersion = 1.15.0;
			};
		};
		814DF04B2CAADD6700192D55 /* XCRemoteSwiftPackageReference "ReactiveStorage" */ = {
			isa = XCRemoteSwiftPackageReference;
			repositoryURL = "https://github.com/juanjo72/ReactiveStorage";
			requirement = {
				branch = main;
				kind = branch;
			};
		};
/* End XCRemoteSwiftPackageReference section */

/* Begin XCSwiftPackageProductDependency section */
		814DF0492CAAD78B00192D55 /* ComposableArchitecture */ = {
			isa = XCSwiftPackageProductDependency;
			package = 814DF0482CAAD78A00192D55 /* XCRemoteSwiftPackageReference "swift-composable-architecture" */;
			productName = ComposableArchitecture;
		};
		814DF04C2CAADD6700192D55 /* ReactiveStorage */ = {
			isa = XCSwiftPackageProductDependency;
			package = 814DF04B2CAADD6700192D55 /* XCRemoteSwiftPackageReference "ReactiveStorage" */;
			productName = ReactiveStorage;
		};
/* End XCSwiftPackageProductDependency section */
	};
	rootObject = 814DF0132CAAD69B00192D55 /* Project object */;
}
